
Microsoft Visual Studio Solution File, Format Version 12.00
# Visual Studio Version 16
VisualStudioVersion = 16.0.29409.12
MinimumVisualStudioVersion = 10.0.40219.1
Project("{2150E333-8FDC-42A3-9474-1A3956D46DE8}") = "Solution Itens", "Solution Itens", "{C74F971B-EA88-4ECF-BF9F-7D4AE28687B8}"
EndProject
Project("{2150E333-8FDC-42A3-9474-1A3956D46DE8}") = "src", "src", "{F9B52F31-AA64-4F9E-AED9-C5F0CAA2F5F4}"
EndProject
Project("{2150E333-8FDC-42A3-9474-1A3956D46DE8}") = "test", "test", "{5741712C-2BCF-4751-80C1-6602AE12D1FD}"
EndProject
Project("{2150E333-8FDC-42A3-9474-1A3956D46DE8}") = "Database", "Database", "{23F64495-92DA-4035-A51D-A90E157912F8}"
EndProject
Project("{9A19103F-16F7-4668-BE54-9A1E7A4F7556}") = "Entities", "Entities\Entities.csproj", "{E1A3390B-D3BF-4437-B3DC-8CB61A3A12EB}"
EndProject
Project("{9A19103F-16F7-4668-BE54-9A1E7A4F7556}") = "UoW", "UoW\UoW.csproj", "{174CD5B3-1ABD-4674-84F7-26EFCE0F7CAF}"
EndProject
Project("{9A19103F-16F7-4668-BE54-9A1E7A4F7556}") = "UoW.Implementation", "UoW.Implementation\UoW.Implementation.csproj", "{09EF8A88-E81A-4983-9902-B807AD522097}"
EndProject
Project("{2150E333-8FDC-42A3-9474-1A3956D46DE8}") = "Configurations", "Configurations", "{3B5C0441-F08B-4969-B2A3-9D1CA29A396D}"
EndProject
Project("{FAE04EC0-301F-11D3-BF4B-00C04F79EFBC}") = "Configurations", "Configurationsc\Configurations.csproj", "{288D6FEB-57BC-4CC4-A88B-B1878825CA94}"
EndProject
Project("{FAE04EC0-301F-11D3-BF4B-00C04F79EFBC}") = "Configurations.Contracts", "Configurations.Contracts\Configurations.Contracts.csproj", "{16E7FAFC-CD75-41C1-AA18-660A876A1FB5}"
EndProject
Project("{2150E333-8FDC-42A3-9474-1A3956D46DE8}") = "Business", "Business", "{AF34DA00-277A-48F8-B877-CC33D5274DDD}"
EndProject
Project("{FAE04EC0-301F-11D3-BF4B-00C04F79EFBC}") = "Business", "Businesss\Business.csproj", "{DDE2666E-747F-4BCA-A223-8D73FF863E89}"
EndProject
Project("{FAE04EC0-301F-11D3-BF4B-00C04F79EFBC}") = "Business.Contracts", "Business.Contracts\Business.Contracts.csproj", "{FE126F79-0D2A-4680-9CD1-3A9D4BEFE655}"
EndProject
Project("{FAE04EC0-301F-11D3-BF4B-00C04F79EFBC}") = "Business.IoC", "Business.IoC\Business.IoC.csproj", "{2ACC9ED0-33B1-429E-BCFC-285A34684F0C}"
EndProject
Global
	GlobalSection(SolutionConfigurationPlatforms) = preSolution
		Debug|Any CPU = Debug|Any CPU
		Release|Any CPU = Release|Any CPU
	EndGlobalSection
	GlobalSection(ProjectConfigurationPlatforms) = postSolution
		{E1A3390B-D3BF-4437-B3DC-8CB61A3A12EB}.Debug|Any CPU.ActiveCfg = Debug|Any CPU
		{E1A3390B-D3BF-4437-B3DC-8CB61A3A12EB}.Debug|Any CPU.Build.0 = Debug|Any CPU
		{E1A3390B-D3BF-4437-B3DC-8CB61A3A12EB}.Release|Any CPU.ActiveCfg = Release|Any CPU
		{E1A3390B-D3BF-4437-B3DC-8CB61A3A12EB}.Release|Any CPU.Build.0 = Release|Any CPU
		{174CD5B3-1ABD-4674-84F7-26EFCE0F7CAF}.Debug|Any CPU.ActiveCfg = Debug|Any CPU
		{174CD5B3-1ABD-4674-84F7-26EFCE0F7CAF}.Debug|Any CPU.Build.0 = Debug|Any CPU
		{174CD5B3-1ABD-4674-84F7-26EFCE0F7CAF}.Release|Any CPU.ActiveCfg = Release|Any CPU
		{174CD5B3-1ABD-4674-84F7-26EFCE0F7CAF}.Release|Any CPU.Build.0 = Release|Any CPU
		{09EF8A88-E81A-4983-9902-B807AD522097}.Debug|Any CPU.ActiveCfg = Debug|Any CPU
		{09EF8A88-E81A-4983-9902-B807AD522097}.Debug|Any CPU.Build.0 = Debug|Any CPU
		{09EF8A88-E81A-4983-9902-B807AD522097}.Release|Any CPU.ActiveCfg = Release|Any CPU
		{09EF8A88-E81A-4983-9902-B807AD522097}.Release|Any CPU.Build.0 = Release|Any CPU
		{288D6FEB-57BC-4CC4-A88B-B1878825CA94}.Debug|Any CPU.ActiveCfg = Debug|Any CPU
		{288D6FEB-57BC-4CC4-A88B-B1878825CA94}.Debug|Any CPU.Build.0 = Debug|Any CPU
		{288D6FEB-57BC-4CC4-A88B-B1878825CA94}.Release|Any CPU.ActiveCfg = Release|Any CPU
		{288D6FEB-57BC-4CC4-A88B-B1878825CA94}.Release|Any CPU.Build.0 = Release|Any CPU
		{16E7FAFC-CD75-41C1-AA18-660A876A1FB5}.Debug|Any CPU.ActiveCfg = Debug|Any CPU
		{16E7FAFC-CD75-41C1-AA18-660A876A1FB5}.Debug|Any CPU.Build.0 = Debug|Any CPU
		{16E7FAFC-CD75-41C1-AA18-660A876A1FB5}.Release|Any CPU.ActiveCfg = Release|Any CPU
		{16E7FAFC-CD75-41C1-AA18-660A876A1FB5}.Release|Any CPU.Build.0 = Release|Any CPU
		{DDE2666E-747F-4BCA-A223-8D73FF863E89}.Debug|Any CPU.ActiveCfg = Debug|Any CPU
		{DDE2666E-747F-4BCA-A223-8D73FF863E89}.Debug|Any CPU.Build.0 = Debug|Any CPU
		{DDE2666E-747F-4BCA-A223-8D73FF863E89}.Release|Any CPU.ActiveCfg = Release|Any CPU
		{DDE2666E-747F-4BCA-A223-8D73FF863E89}.Release|Any CPU.Build.0 = Release|Any CPU
		{FE126F79-0D2A-4680-9CD1-3A9D4BEFE655}.Debug|Any CPU.ActiveCfg = Debug|Any CPU
		{FE126F79-0D2A-4680-9CD1-3A9D4BEFE655}.Debug|Any CPU.Build.0 = Debug|Any CPU
		{FE126F79-0D2A-4680-9CD1-3A9D4BEFE655}.Release|Any CPU.ActiveCfg = Release|Any CPU
		{FE126F79-0D2A-4680-9CD1-3A9D4BEFE655}.Release|Any CPU.Build.0 = Release|Any CPU
		{2ACC9ED0-33B1-429E-BCFC-285A34684F0C}.Debug|Any CPU.ActiveCfg = Debug|Any CPU
		{2ACC9ED0-33B1-429E-BCFC-285A34684F0C}.Debug|Any CPU.Build.0 = Debug|Any CPU
		{2ACC9ED0-33B1-429E-BCFC-285A34684F0C}.Release|Any CPU.ActiveCfg = Release|Any CPU
		{2ACC9ED0-33B1-429E-BCFC-285A34684F0C}.Release|Any CPU.Build.0 = Release|Any CPU
	EndGlobalSection
	GlobalSection(SolutionProperties) = preSolution
		HideSolutionNode = FALSE
	EndGlobalSection
	GlobalSection(NestedProjects) = preSolution
		{23F64495-92DA-4035-A51D-A90E157912F8} = {F9B52F31-AA64-4F9E-AED9-C5F0CAA2F5F4}
		{E1A3390B-D3BF-4437-B3DC-8CB61A3A12EB} = {23F64495-92DA-4035-A51D-A90E157912F8}
		{174CD5B3-1ABD-4674-84F7-26EFCE0F7CAF} = {23F64495-92DA-4035-A51D-A90E157912F8}
		{09EF8A88-E81A-4983-9902-B807AD522097} = {23F64495-92DA-4035-A51D-A90E157912F8}
		{3B5C0441-F08B-4969-B2A3-9D1CA29A396D} = {F9B52F31-AA64-4F9E-AED9-C5F0CAA2F5F4}
		{288D6FEB-57BC-4CC4-A88B-B1878825CA94} = {3B5C0441-F08B-4969-B2A3-9D1CA29A396D}
		{16E7FAFC-CD75-41C1-AA18-660A876A1FB5} = {3B5C0441-F08B-4969-B2A3-9D1CA29A396D}
		{AF34DA00-277A-48F8-B877-CC33D5274DDD} = {F9B52F31-AA64-4F9E-AED9-C5F0CAA2F5F4}
		{DDE2666E-747F-4BCA-A223-8D73FF863E89} = {AF34DA00-277A-48F8-B877-CC33D5274DDD}
		{FE126F79-0D2A-4680-9CD1-3A9D4BEFE655} = {AF34DA00-277A-48F8-B877-CC33D5274DDD}
		{2ACC9ED0-33B1-429E-BCFC-285A34684F0C} = {AF34DA00-277A-48F8-B877-CC33D5274DDD}
	EndGlobalSection
	GlobalSection(ExtensibilityGlobals) = postSolution
		SolutionGuid = {559745B6-EED3-49F9-B663-B69EE9343FFF}
	EndGlobalSection
EndGlobal
